
Microsoft Visual Studio Solution File, Format Version 12.00
# Visual Studio Version 17
VisualStudioVersion = 17.1.32210.238
MinimumVisualStudioVersion = 10.0.40219.1
Project("{FAE04EC0-301F-11D3-BF4B-00C04F79EFBC}") = "AppEstados", "AppEstados.csproj", "{B1B166C6-CE67-4663-88A5-54AC2D81A21E}"
EndProject
Global
	GlobalSection(SolutionConfigurationPlatforms) = preSolution
		Debug|Any CPU = Debug|Any CPU
		Release|Any CPU = Release|Any CPU
	EndGlobalSection
	GlobalSection(ProjectConfigurationPlatforms) = postSolution
		{B1B166C6-CE67-4663-88A5-54AC2D81A21E}.Debug|Any CPU.ActiveCfg = Debug|Any CPU
		{B1B166C6-CE67-4663-88A5-54AC2D81A21E}.Debug|Any CPU.Build.0 = Debug|Any CPU
		{B1B166C6-CE67-4663-88A5-54AC2D81A21E}.Release|Any CPU.ActiveCfg = Release|Any CPU
		{B1B166C6-CE67-4663-88A5-54AC2D81A21E}.Release|Any CPU.Build.0 = Release|Any CPU
	EndGlobalSection
	GlobalSection(SolutionProperties) = preSolution
		HideSolutionNode = FALSE
	EndGlobalSection
	GlobalSection(ExtensibilityGlobals) = postSolution
		SolutionGuid = {F1380183-AB6E-460C-9ACE-AA75EEA0E47B}
	EndGlobalSection
EndGlobal
